
Microsoft Visual Studio Solution File, Format Version 12.00
# Visual Studio 15
Project("{FAE04EC0-301F-11D3-BF4B-00C04F79EFBC}") = "Oculus.Interaction.Editor", "Oculus.Interaction.Editor.csproj", "{FE62D0EE-91FA-AE71-22CC-E0B574B8D3BF}"
EndProject
Project("{FAE04EC0-301F-11D3-BF4B-00C04F79EFBC}") = "Meta.WitAi.Conduit", "Meta.WitAi.Conduit.csproj", "{520F5A67-395B-269D-2FE5-B11D74BA4CF2}"
EndProject
Project("{FAE04EC0-301F-11D3-BF4B-00C04F79EFBC}") = "Oculus.VR", "Oculus.VR.csproj", "{7D1B729C-C16A-9DB5-ED14-6A37A50E02C0}"
EndProject
Project("{FAE04EC0-301F-11D3-BF4B-00C04F79EFBC}") = "Oculus.Interaction", "Oculus.Interaction.csproj", "{4E6ED334-57FB-7F7E-1DB0-68664A99A4C7}"
EndProject
Project("{FAE04EC0-301F-11D3-BF4B-00C04F79EFBC}") = "Meta.Voice.Samples.ShapesConduit", "Meta.Voice.Samples.ShapesConduit.csproj", "{4947F8EC-0149-BA9C-367F-7D702E1803F3}"
EndProject
Project("{FAE04EC0-301F-11D3-BF4B-00C04F79EFBC}") = "Meta.WitAi.Editor", "Meta.WitAi.Editor.csproj", "{4A55D3AB-0FDD-6756-CF0D-B8E7F0AABAE1}"
EndProject
Project("{FAE04EC0-301F-11D3-BF4B-00C04F79EFBC}") = "Oculus.Platform", "Oculus.Platform.csproj", "{F5E7065F-71A0-C418-5E74-CAD9E6659544}"
EndProject
Project("{FAE04EC0-301F-11D3-BF4B-00C04F79EFBC}") = "VoiceSDK.Telemetry", "VoiceSDK.Telemetry.csproj", "{53FF1FD9-2C81-6767-3387-F30F31A561F9}"
EndProject
Project("{FAE04EC0-301F-11D3-BF4B-00C04F79EFBC}") = "Meta.WitAi.Conduit.Editor", "Meta.WitAi.Conduit.Editor.csproj", "{B6357C6A-A4FD-3732-DE1D-EAC0B119FFCE}"
EndProject
Project("{FAE04EC0-301F-11D3-BF4B-00C04F79EFBC}") = "Meta.WitAi", "Meta.WitAi.csproj", "{B0CE7550-786C-7960-E194-C9F1767AFF44}"
EndProject
Project("{FAE04EC0-301F-11D3-BF4B-00C04F79EFBC}") = "Oculus.Interaction.OVR.Samples", "Oculus.Interaction.OVR.Samples.csproj", "{0DEDD904-E774-F1AD-3C88-1EE31A2A293D}"
EndProject
Project("{FAE04EC0-301F-11D3-BF4B-00C04F79EFBC}") = "Assembly-CSharp", "Assembly-CSharp.csproj", "{A990F281-BCC4-1E2C-7186-878A11880BE6}"
EndProject
Project("{FAE04EC0-301F-11D3-BF4B-00C04F79EFBC}") = "Meta.WitAi.Lib", "Meta.WitAi.Lib.csproj", "{3DDC8D0B-1908-5956-12F9-6469C83C994A}"
EndProject
Project("{FAE04EC0-301F-11D3-BF4B-00C04F79EFBC}") = "Oculus.VR.Editor", "Oculus.VR.Editor.csproj", "{657EC750-B46E-D37C-6210-D741FC9B6B06}"
EndProject
Project("{FAE04EC0-301F-11D3-BF4B-00C04F79EFBC}") = "Meta.Voice.Hub.Runtime", "Meta.Voice.Hub.Runtime.csproj", "{278DF443-BA42-6615-31D5-379B34DDCC74}"
EndProject
Project("{FAE04EC0-301F-11D3-BF4B-00C04F79EFBC}") = "Oculus.Interaction.OVR.Editor", "Oculus.Interaction.OVR.Editor.csproj", "{47638D20-97CE-6D8B-8F1D-3C05AC93EE75}"
EndProject
Project("{FAE04EC0-301F-11D3-BF4B-00C04F79EFBC}") = "VoiceSDK.Dictation.Runtime", "VoiceSDK.Dictation.Runtime.csproj", "{603017FF-6D08-FD41-8091-6106FF545DEB}"
EndProject
Project("{FAE04EC0-301F-11D3-BF4B-00C04F79EFBC}") = "Oculus.LipSync", "Oculus.LipSync.csproj", "{5A53CF61-2DEE-6861-8265-36B48D9097FA}"
EndProject
Project("{FAE04EC0-301F-11D3-BF4B-00C04F79EFBC}") = "Oculus.Interaction.OVR", "Oculus.Interaction.OVR.csproj", "{FB8D5C10-0BD5-1B55-A7AE-3A5A1E061D7C}"
EndProject
Project("{FAE04EC0-301F-11D3-BF4B-00C04F79EFBC}") = "Meta.WitAi.TTS.Samples", "Meta.WitAi.TTS.Samples.csproj", "{871EF266-AEEF-F28B-9E45-60AE99260057}"
EndProject
Project("{FAE04EC0-301F-11D3-BF4B-00C04F79EFBC}") = "Meta.Voice.Hub.Editor", "Meta.Voice.Hub.Editor.csproj", "{B560393B-7B8C-EB6A-5B02-34F02A706E75}"
EndProject
Project("{FAE04EC0-301F-11D3-BF4B-00C04F79EFBC}") = "VoiceSDK.Editor", "VoiceSDK.Editor.csproj", "{E6EB1ADC-5511-1CFB-09E4-AC34A8DF7AB5}"
EndProject
Project("{FAE04EC0-301F-11D3-BF4B-00C04F79EFBC}") = "Meta.WitAI.Lib.Editor", "Meta.WitAI.Lib.Editor.csproj", "{8AB001E0-C04E-16C2-2BF1-5F8F3DB358B3}"
EndProject
Project("{FAE04EC0-301F-11D3-BF4B-00C04F79EFBC}") = "Oculus.Spatializer.Editor", "Oculus.Spatializer.Editor.csproj", "{E999D877-1082-16DA-96B1-414B9F7A5A57}"
EndProject
Project("{FAE04EC0-301F-11D3-BF4B-00C04F79EFBC}") = "Meta.WitAi.TTS", "Meta.WitAi.TTS.csproj", "{FFAED619-07A2-C398-97DB-31FF2E4F5220}"
EndProject
Project("{FAE04EC0-301F-11D3-BF4B-00C04F79EFBC}") = "Oculus.AudioManager", "Oculus.AudioManager.csproj", "{487ACC5F-2F7F-620A-AB3F-6F1095ED9E54}"
EndProject
Project("{FAE04EC0-301F-11D3-BF4B-00C04F79EFBC}") = "AssistantCoreSDKRuntime", "AssistantCoreSDKRuntime.csproj", "{6C1EDE2C-58CB-E3D1-24C6-B22992672508}"
EndProject
Project("{FAE04EC0-301F-11D3-BF4B-00C04F79EFBC}") = "VoiceSDK.Runtime", "VoiceSDK.Runtime.csproj", "{89BA809D-B2A9-CF8F-710E-E039ABC4F757}"
EndProject
Project("{FAE04EC0-301F-11D3-BF4B-00C04F79EFBC}") = "Facebook.Wit.Dictation", "Facebook.Wit.Dictation.csproj", "{02988459-02B1-2D05-4FBC-42D83200BD65}"
EndProject
Project("{FAE04EC0-301F-11D3-BF4B-00C04F79EFBC}") = "Meta.WitAi.TTS.Editor", "Meta.WitAi.TTS.Editor.csproj", "{5BCE3581-9465-FA86-766A-A1323354DB03}"
EndProject
Project("{FAE04EC0-301F-11D3-BF4B-00C04F79EFBC}") = "Meta.Voice.Samples.BuiltInTimer", "Meta.Voice.Samples.BuiltInTimer.csproj", "{7A725195-F1F6-9F9D-6FFA-23735ADA4CC0}"
EndProject
Project("{FAE04EC0-301F-11D3-BF4B-00C04F79EFBC}") = "Oculus.Platform.Editor", "Oculus.Platform.Editor.csproj", "{E906D797-B5EA-C8F4-04ED-07708AE8B2A8}"
EndProject
Project("{FAE04EC0-301F-11D3-BF4B-00C04F79EFBC}") = "Meta.XR.BuildingBlocks.Editor", "Meta.XR.BuildingBlocks.Editor.csproj", "{C1988C02-094A-E38A-EBB0-1898EFAB422A}"
EndProject
Project("{FAE04EC0-301F-11D3-BF4B-00C04F79EFBC}") = "Meta.Voice.Samples.TTSVoices", "Meta.Voice.Samples.TTSVoices.csproj", "{971C695B-DDDB-5B41-DF6B-CAAA667AD04D}"
EndProject
Project("{FAE04EC0-301F-11D3-BF4B-00C04F79EFBC}") = "Meta.Voice.VSDKHub.Editor", "Meta.Voice.VSDKHub.Editor.csproj", "{959CCB87-6BA0-CED9-4F9C-65C2A75FE3B3}"
EndProject
Project("{FAE04EC0-301F-11D3-BF4B-00C04F79EFBC}") = "Oculus.AudioManager.Audio.Editor", "Oculus.AudioManager.Audio.Editor.csproj", "{FA9655D7-49BB-B1C5-82D9-76F384A74C4B}"
EndProject
Project("{FAE04EC0-301F-11D3-BF4B-00C04F79EFBC}") = "Assembly-CSharp-Editor", "Assembly-CSharp-Editor.csproj", "{21AF9B18-E916-FEB4-3B7F-DFC5034DF6EC}"
EndProject
Project("{FAE04EC0-301F-11D3-BF4B-00C04F79EFBC}") = "Meta.Voice.Samples.Chess", "Meta.Voice.Samples.Chess.csproj", "{91740B74-7330-8362-E15B-D6E9B8401ACA}"
EndProject
Project("{FAE04EC0-301F-11D3-BF4B-00C04F79EFBC}") = "Oculus.VR.Scripts.Editor", "Oculus.VR.Scripts.Editor.csproj", "{E98B3929-2540-5A0C-9A37-C1E8B3B93349}"
EndProject
Project("{FAE04EC0-301F-11D3-BF4B-00C04F79EFBC}") = "Meta.Voice.Samples.LightTraits", "Meta.Voice.Samples.LightTraits.csproj", "{2534303F-CEC8-B5D5-730C-ED8D7250F824}"
EndProject
Project("{FAE04EC0-301F-11D3-BF4B-00C04F79EFBC}") = "Meta.Voice.Samples.Dictation", "Meta.Voice.Samples.Dictation.csproj", "{BF4FBCC7-0FCF-39B2-68D0-28A525A937B0}"
EndProject
Project("{FAE04EC0-301F-11D3-BF4B-00C04F79EFBC}") = "Meta.Voice.Samples.Shapes", "Meta.Voice.Samples.Shapes.csproj", "{BDECD157-3B10-9E9A-8EAE-F2F64D4D809C}"
EndProject
Project("{FAE04EC0-301F-11D3-BF4B-00C04F79EFBC}") = "Oculus.Interaction.Samples.Editor", "Oculus.Interaction.Samples.Editor.csproj", "{ECE34C41-5857-B869-7BF7-EB8AEA2DAA34}"
EndProject
Project("{FAE04EC0-301F-11D3-BF4B-00C04F79EFBC}") = "Meta.XR.BuildingBlocks", "Meta.XR.BuildingBlocks.csproj", "{52A0E830-4290-8FF5-65B6-294A2087EF0D}"
EndProject
Project("{FAE04EC0-301F-11D3-BF4B-00C04F79EFBC}") = "Oculus.Spatializer", "Oculus.Spatializer.csproj", "{C6FBEA71-B3BC-1894-BB29-24EA1BED7841}"
EndProject
Project("{FAE04EC0-301F-11D3-BF4B-00C04F79EFBC}") = "Oculus.LipSync.Editor", "Oculus.LipSync.Editor.csproj", "{0F0CDE22-252D-7F7A-C08E-3B4FFE168A42}"
EndProject
Project("{FAE04EC0-301F-11D3-BF4B-00C04F79EFBC}") = "Oculus.AudioManager.Utils.Editor", "Oculus.AudioManager.Utils.Editor.csproj", "{87885AA3-8227-FF50-DA66-B40B078A9935}"
EndProject
Project("{FAE04EC0-301F-11D3-BF4B-00C04F79EFBC}") = "Meta.VoiceSDK.Mic.Common", "Meta.VoiceSDK.Mic.Common.csproj", "{948B1635-4A5C-6D9F-E19D-246DBDCB175B}"
EndProject
Project("{FAE04EC0-301F-11D3-BF4B-00C04F79EFBC}") = "VoiceSDK.Dictation.Editor", "VoiceSDK.Dictation.Editor.csproj", "{97C45DC8-C5E3-DF0B-9213-D376F172F11B}"
EndProject
Project("{FAE04EC0-301F-11D3-BF4B-00C04F79EFBC}") = "Meta.VoiceSDK.Mic.Other", "Meta.VoiceSDK.Mic.Other.csproj", "{1DA05821-8A44-6F53-6393-78DDA52CDF0F}"
EndProject
Project("{FAE04EC0-301F-11D3-BF4B-00C04F79EFBC}") = "AssistantCoreSDKEditor", "AssistantCoreSDKEditor.csproj", "{438FD675-9492-F3C1-0302-55A0CE90DE8C}"
EndProject
Project("{FAE04EC0-301F-11D3-BF4B-00C04F79EFBC}") = "Oculus.Interaction.InterfaceSupport", "Oculus.Interaction.InterfaceSupport.csproj", "{79564179-1149-3E54-866B-93D098108130}"
EndProject
Project("{FAE04EC0-301F-11D3-BF4B-00C04F79EFBC}") = "Meta.Voice.Samples.LiveUnderstanding", "Meta.Voice.Samples.LiveUnderstanding.csproj", "{93EF48E2-2ECB-995C-9990-2BD9CD6D80B8}"
EndProject
Project("{FAE04EC0-301F-11D3-BF4B-00C04F79EFBC}") = "Facebook.Wit.Dictation.Editor", "Facebook.Wit.Dictation.Editor.csproj", "{6604A8FD-A8EC-0491-D11F-704C38E5BEFC}"
EndProject
Project("{FAE04EC0-301F-11D3-BF4B-00C04F79EFBC}") = "Meta.VoiceSDK.Mic.WebGL", "Meta.VoiceSDK.Mic.WebGL.csproj", "{65938765-72B8-B947-705F-C96C2165E936}"
EndProject
Global
	GlobalSection(SolutionConfigurationPlatforms) = preSolution
		Debug|Any CPU = Debug|Any CPU
		Release|Any CPU = Release|Any CPU
	EndGlobalSection
	GlobalSection(ProjectConfigurationPlatforms) = postSolution
		{FE62D0EE-91FA-AE71-22CC-E0B574B8D3BF}.Debug|Any CPU.ActiveCfg = Debug|Any CPU
		{FE62D0EE-91FA-AE71-22CC-E0B574B8D3BF}.Debug|Any CPU.Build.0 = Debug|Any CPU
		{FE62D0EE-91FA-AE71-22CC-E0B574B8D3BF}.Release|Any CPU.ActiveCfg = Release|Any CPU
		{FE62D0EE-91FA-AE71-22CC-E0B574B8D3BF}.Release|Any CPU.Build.0 = Release|Any CPU
		{520F5A67-395B-269D-2FE5-B11D74BA4CF2}.Debug|Any CPU.ActiveCfg = Debug|Any CPU
		{520F5A67-395B-269D-2FE5-B11D74BA4CF2}.Debug|Any CPU.Build.0 = Debug|Any CPU
		{520F5A67-395B-269D-2FE5-B11D74BA4CF2}.Release|Any CPU.ActiveCfg = Release|Any CPU
		{520F5A67-395B-269D-2FE5-B11D74BA4CF2}.Release|Any CPU.Build.0 = Release|Any CPU
		{7D1B729C-C16A-9DB5-ED14-6A37A50E02C0}.Debug|Any CPU.ActiveCfg = Debug|Any CPU
		{7D1B729C-C16A-9DB5-ED14-6A37A50E02C0}.Debug|Any CPU.Build.0 = Debug|Any CPU
		{7D1B729C-C16A-9DB5-ED14-6A37A50E02C0}.Release|Any CPU.ActiveCfg = Release|Any CPU
		{7D1B729C-C16A-9DB5-ED14-6A37A50E02C0}.Release|Any CPU.Build.0 = Release|Any CPU
		{4E6ED334-57FB-7F7E-1DB0-68664A99A4C7}.Debug|Any CPU.ActiveCfg = Debug|Any CPU
		{4E6ED334-57FB-7F7E-1DB0-68664A99A4C7}.Debug|Any CPU.Build.0 = Debug|Any CPU
		{4E6ED334-57FB-7F7E-1DB0-68664A99A4C7}.Release|Any CPU.ActiveCfg = Release|Any CPU
		{4E6ED334-57FB-7F7E-1DB0-68664A99A4C7}.Release|Any CPU.Build.0 = Release|Any CPU
		{4947F8EC-0149-BA9C-367F-7D702E1803F3}.Debug|Any CPU.ActiveCfg = Debug|Any CPU
		{4947F8EC-0149-BA9C-367F-7D702E1803F3}.Debug|Any CPU.Build.0 = Debug|Any CPU
		{4947F8EC-0149-BA9C-367F-7D702E1803F3}.Release|Any CPU.ActiveCfg = Release|Any CPU
		{4947F8EC-0149-BA9C-367F-7D702E1803F3}.Release|Any CPU.Build.0 = Release|Any CPU
		{4A55D3AB-0FDD-6756-CF0D-B8E7F0AABAE1}.Debug|Any CPU.ActiveCfg = Debug|Any CPU
		{4A55D3AB-0FDD-6756-CF0D-B8E7F0AABAE1}.Debug|Any CPU.Build.0 = Debug|Any CPU
		{4A55D3AB-0FDD-6756-CF0D-B8E7F0AABAE1}.Release|Any CPU.ActiveCfg = Release|Any CPU
		{4A55D3AB-0FDD-6756-CF0D-B8E7F0AABAE1}.Release|Any CPU.Build.0 = Release|Any CPU
		{F5E7065F-71A0-C418-5E74-CAD9E6659544}.Debug|Any CPU.ActiveCfg = Debug|Any CPU
		{F5E7065F-71A0-C418-5E74-CAD9E6659544}.Debug|Any CPU.Build.0 = Debug|Any CPU
		{F5E7065F-71A0-C418-5E74-CAD9E6659544}.Release|Any CPU.ActiveCfg = Release|Any CPU
		{F5E7065F-71A0-C418-5E74-CAD9E6659544}.Release|Any CPU.Build.0 = Release|Any CPU
		{53FF1FD9-2C81-6767-3387-F30F31A561F9}.Debug|Any CPU.ActiveCfg = Debug|Any CPU
		{53FF1FD9-2C81-6767-3387-F30F31A561F9}.Debug|Any CPU.Build.0 = Debug|Any CPU
		{53FF1FD9-2C81-6767-3387-F30F31A561F9}.Release|Any CPU.ActiveCfg = Release|Any CPU
		{53FF1FD9-2C81-6767-3387-F30F31A561F9}.Release|Any CPU.Build.0 = Release|Any CPU
		{B6357C6A-A4FD-3732-DE1D-EAC0B119FFCE}.Debug|Any CPU.ActiveCfg = Debug|Any CPU
		{B6357C6A-A4FD-3732-DE1D-EAC0B119FFCE}.Debug|Any CPU.Build.0 = Debug|Any CPU
		{B6357C6A-A4FD-3732-DE1D-EAC0B119FFCE}.Release|Any CPU.ActiveCfg = Release|Any CPU
		{B6357C6A-A4FD-3732-DE1D-EAC0B119FFCE}.Release|Any CPU.Build.0 = Release|Any CPU
		{B0CE7550-786C-7960-E194-C9F1767AFF44}.Debug|Any CPU.ActiveCfg = Debug|Any CPU
		{B0CE7550-786C-7960-E194-C9F1767AFF44}.Debug|Any CPU.Build.0 = Debug|Any CPU
		{B0CE7550-786C-7960-E194-C9F1767AFF44}.Release|Any CPU.ActiveCfg = Release|Any CPU
		{B0CE7550-786C-7960-E194-C9F1767AFF44}.Release|Any CPU.Build.0 = Release|Any CPU
		{0DEDD904-E774-F1AD-3C88-1EE31A2A293D}.Debug|Any CPU.ActiveCfg = Debug|Any CPU
		{0DEDD904-E774-F1AD-3C88-1EE31A2A293D}.Debug|Any CPU.Build.0 = Debug|Any CPU
		{0DEDD904-E774-F1AD-3C88-1EE31A2A293D}.Release|Any CPU.ActiveCfg = Release|Any CPU
		{0DEDD904-E774-F1AD-3C88-1EE31A2A293D}.Release|Any CPU.Build.0 = Release|Any CPU
		{A990F281-BCC4-1E2C-7186-878A11880BE6}.Debug|Any CPU.ActiveCfg = Debug|Any CPU
		{A990F281-BCC4-1E2C-7186-878A11880BE6}.Debug|Any CPU.Build.0 = Debug|Any CPU
		{A990F281-BCC4-1E2C-7186-878A11880BE6}.Release|Any CPU.ActiveCfg = Release|Any CPU
		{A990F281-BCC4-1E2C-7186-878A11880BE6}.Release|Any CPU.Build.0 = Release|Any CPU
		{3DDC8D0B-1908-5956-12F9-6469C83C994A}.Debug|Any CPU.ActiveCfg = Debug|Any CPU
		{3DDC8D0B-1908-5956-12F9-6469C83C994A}.Debug|Any CPU.Build.0 = Debug|Any CPU
		{3DDC8D0B-1908-5956-12F9-6469C83C994A}.Release|Any CPU.ActiveCfg = Release|Any CPU
		{3DDC8D0B-1908-5956-12F9-6469C83C994A}.Release|Any CPU.Build.0 = Release|Any CPU
		{657EC750-B46E-D37C-6210-D741FC9B6B06}.Debug|Any CPU.ActiveCfg = Debug|Any CPU
		{657EC750-B46E-D37C-6210-D741FC9B6B06}.Debug|Any CPU.Build.0 = Debug|Any CPU
		{657EC750-B46E-D37C-6210-D741FC9B6B06}.Release|Any CPU.ActiveCfg = Release|Any CPU
		{657EC750-B46E-D37C-6210-D741FC9B6B06}.Release|Any CPU.Build.0 = Release|Any CPU
		{278DF443-BA42-6615-31D5-379B34DDCC74}.Debug|Any CPU.ActiveCfg = Debug|Any CPU
		{278DF443-BA42-6615-31D5-379B34DDCC74}.Debug|Any CPU.Build.0 = Debug|Any CPU
		{278DF443-BA42-6615-31D5-379B34DDCC74}.Release|Any CPU.ActiveCfg = Release|Any CPU
		{278DF443-BA42-6615-31D5-379B34DDCC74}.Release|Any CPU.Build.0 = Release|Any CPU
		{47638D20-97CE-6D8B-8F1D-3C05AC93EE75}.Debug|Any CPU.ActiveCfg = Debug|Any CPU
		{47638D20-97CE-6D8B-8F1D-3C05AC93EE75}.Debug|Any CPU.Build.0 = Debug|Any CPU
		{47638D20-97CE-6D8B-8F1D-3C05AC93EE75}.Release|Any CPU.ActiveCfg = Release|Any CPU
		{47638D20-97CE-6D8B-8F1D-3C05AC93EE75}.Release|Any CPU.Build.0 = Release|Any CPU
		{603017FF-6D08-FD41-8091-6106FF545DEB}.Debug|Any CPU.ActiveCfg = Debug|Any CPU
		{603017FF-6D08-FD41-8091-6106FF545DEB}.Debug|Any CPU.Build.0 = Debug|Any CPU
		{603017FF-6D08-FD41-8091-6106FF545DEB}.Release|Any CPU.ActiveCfg = Release|Any CPU
		{603017FF-6D08-FD41-8091-6106FF545DEB}.Release|Any CPU.Build.0 = Release|Any CPU
		{5A53CF61-2DEE-6861-8265-36B48D9097FA}.Debug|Any CPU.ActiveCfg = Debug|Any CPU
		{5A53CF61-2DEE-6861-8265-36B48D9097FA}.Debug|Any CPU.Build.0 = Debug|Any CPU
		{5A53CF61-2DEE-6861-8265-36B48D9097FA}.Release|Any CPU.ActiveCfg = Release|Any CPU
		{5A53CF61-2DEE-6861-8265-36B48D9097FA}.Release|Any CPU.Build.0 = Release|Any CPU
		{FB8D5C10-0BD5-1B55-A7AE-3A5A1E061D7C}.Debug|Any CPU.ActiveCfg = Debug|Any CPU
		{FB8D5C10-0BD5-1B55-A7AE-3A5A1E061D7C}.Debug|Any CPU.Build.0 = Debug|Any CPU
		{FB8D5C10-0BD5-1B55-A7AE-3A5A1E061D7C}.Release|Any CPU.ActiveCfg = Release|Any CPU
		{FB8D5C10-0BD5-1B55-A7AE-3A5A1E061D7C}.Release|Any CPU.Build.0 = Release|Any CPU
		{871EF266-AEEF-F28B-9E45-60AE99260057}.Debug|Any CPU.ActiveCfg = Debug|Any CPU
		{871EF266-AEEF-F28B-9E45-60AE99260057}.Debug|Any CPU.Build.0 = Debug|Any CPU
		{871EF266-AEEF-F28B-9E45-60AE99260057}.Release|Any CPU.ActiveCfg = Release|Any CPU
		{871EF266-AEEF-F28B-9E45-60AE99260057}.Release|Any CPU.Build.0 = Release|Any CPU
		{B560393B-7B8C-EB6A-5B02-34F02A706E75}.Debug|Any CPU.ActiveCfg = Debug|Any CPU
		{B560393B-7B8C-EB6A-5B02-34F02A706E75}.Debug|Any CPU.Build.0 = Debug|Any CPU
		{B560393B-7B8C-EB6A-5B02-34F02A706E75}.Release|Any CPU.ActiveCfg = Release|Any CPU
		{B560393B-7B8C-EB6A-5B02-34F02A706E75}.Release|Any CPU.Build.0 = Release|Any CPU
		{E6EB1ADC-5511-1CFB-09E4-AC34A8DF7AB5}.Debug|Any CPU.ActiveCfg = Debug|Any CPU
		{E6EB1ADC-5511-1CFB-09E4-AC34A8DF7AB5}.Debug|Any CPU.Build.0 = Debug|Any CPU
		{E6EB1ADC-5511-1CFB-09E4-AC34A8DF7AB5}.Release|Any CPU.ActiveCfg = Release|Any CPU
		{E6EB1ADC-5511-1CFB-09E4-AC34A8DF7AB5}.Release|Any CPU.Build.0 = Release|Any CPU
		{8AB001E0-C04E-16C2-2BF1-5F8F3DB358B3}.Debug|Any CPU.ActiveCfg = Debug|Any CPU
		{8AB001E0-C04E-16C2-2BF1-5F8F3DB358B3}.Debug|Any CPU.Build.0 = Debug|Any CPU
		{8AB001E0-C04E-16C2-2BF1-5F8F3DB358B3}.Release|Any CPU.ActiveCfg = Release|Any CPU
		{8AB001E0-C04E-16C2-2BF1-5F8F3DB358B3}.Release|Any CPU.Build.0 = Release|Any CPU
		{E999D877-1082-16DA-96B1-414B9F7A5A57}.Debug|Any CPU.ActiveCfg = Debug|Any CPU
		{E999D877-1082-16DA-96B1-414B9F7A5A57}.Debug|Any CPU.Build.0 = Debug|Any CPU
		{E999D877-1082-16DA-96B1-414B9F7A5A57}.Release|Any CPU.ActiveCfg = Release|Any CPU
		{E999D877-1082-16DA-96B1-414B9F7A5A57}.Release|Any CPU.Build.0 = Release|Any CPU
		{FFAED619-07A2-C398-97DB-31FF2E4F5220}.Debug|Any CPU.ActiveCfg = Debug|Any CPU
		{FFAED619-07A2-C398-97DB-31FF2E4F5220}.Debug|Any CPU.Build.0 = Debug|Any CPU
		{FFAED619-07A2-C398-97DB-31FF2E4F5220}.Release|Any CPU.ActiveCfg = Release|Any CPU
		{FFAED619-07A2-C398-97DB-31FF2E4F5220}.Release|Any CPU.Build.0 = Release|Any CPU
		{487ACC5F-2F7F-620A-AB3F-6F1095ED9E54}.Debug|Any CPU.ActiveCfg = Debug|Any CPU
		{487ACC5F-2F7F-620A-AB3F-6F1095ED9E54}.Debug|Any CPU.Build.0 = Debug|Any CPU
		{487ACC5F-2F7F-620A-AB3F-6F1095ED9E54}.Release|Any CPU.ActiveCfg = Release|Any CPU
		{487ACC5F-2F7F-620A-AB3F-6F1095ED9E54}.Release|Any CPU.Build.0 = Release|Any CPU
		{6C1EDE2C-58CB-E3D1-24C6-B22992672508}.Debug|Any CPU.ActiveCfg = Debug|Any CPU
		{6C1EDE2C-58CB-E3D1-24C6-B22992672508}.Debug|Any CPU.Build.0 = Debug|Any CPU
		{6C1EDE2C-58CB-E3D1-24C6-B22992672508}.Release|Any CPU.ActiveCfg = Release|Any CPU
		{6C1EDE2C-58CB-E3D1-24C6-B22992672508}.Release|Any CPU.Build.0 = Release|Any CPU
		{89BA809D-B2A9-CF8F-710E-E039ABC4F757}.Debug|Any CPU.ActiveCfg = Debug|Any CPU
		{89BA809D-B2A9-CF8F-710E-E039ABC4F757}.Debug|Any CPU.Build.0 = Debug|Any CPU
		{89BA809D-B2A9-CF8F-710E-E039ABC4F757}.Release|Any CPU.ActiveCfg = Release|Any CPU
		{89BA809D-B2A9-CF8F-710E-E039ABC4F757}.Release|Any CPU.Build.0 = Release|Any CPU
		{02988459-02B1-2D05-4FBC-42D83200BD65}.Debug|Any CPU.ActiveCfg = Debug|Any CPU
		{02988459-02B1-2D05-4FBC-42D83200BD65}.Debug|Any CPU.Build.0 = Debug|Any CPU
		{02988459-02B1-2D05-4FBC-42D83200BD65}.Release|Any CPU.ActiveCfg = Release|Any CPU
		{02988459-02B1-2D05-4FBC-42D83200BD65}.Release|Any CPU.Build.0 = Release|Any CPU
		{5BCE3581-9465-FA86-766A-A1323354DB03}.Debug|Any CPU.ActiveCfg = Debug|Any CPU
		{5BCE3581-9465-FA86-766A-A1323354DB03}.Debug|Any CPU.Build.0 = Debug|Any CPU
		{5BCE3581-9465-FA86-766A-A1323354DB03}.Release|Any CPU.ActiveCfg = Release|Any CPU
		{5BCE3581-9465-FA86-766A-A1323354DB03}.Release|Any CPU.Build.0 = Release|Any CPU
		{7A725195-F1F6-9F9D-6FFA-23735ADA4CC0}.Debug|Any CPU.ActiveCfg = Debug|Any CPU
		{7A725195-F1F6-9F9D-6FFA-23735ADA4CC0}.Debug|Any CPU.Build.0 = Debug|Any CPU
		{7A725195-F1F6-9F9D-6FFA-23735ADA4CC0}.Release|Any CPU.ActiveCfg = Release|Any CPU
		{7A725195-F1F6-9F9D-6FFA-23735ADA4CC0}.Release|Any CPU.Build.0 = Release|Any CPU
		{E906D797-B5EA-C8F4-04ED-07708AE8B2A8}.Debug|Any CPU.ActiveCfg = Debug|Any CPU
		{E906D797-B5EA-C8F4-04ED-07708AE8B2A8}.Debug|Any CPU.Build.0 = Debug|Any CPU
		{E906D797-B5EA-C8F4-04ED-07708AE8B2A8}.Release|Any CPU.ActiveCfg = Release|Any CPU
		{E906D797-B5EA-C8F4-04ED-07708AE8B2A8}.Release|Any CPU.Build.0 = Release|Any CPU
		{C1988C02-094A-E38A-EBB0-1898EFAB422A}.Debug|Any CPU.ActiveCfg = Debug|Any CPU
		{C1988C02-094A-E38A-EBB0-1898EFAB422A}.Debug|Any CPU.Build.0 = Debug|Any CPU
		{C1988C02-094A-E38A-EBB0-1898EFAB422A}.Release|Any CPU.ActiveCfg = Release|Any CPU
		{C1988C02-094A-E38A-EBB0-1898EFAB422A}.Release|Any CPU.Build.0 = Release|Any CPU
		{971C695B-DDDB-5B41-DF6B-CAAA667AD04D}.Debug|Any CPU.ActiveCfg = Debug|Any CPU
		{971C695B-DDDB-5B41-DF6B-CAAA667AD04D}.Debug|Any CPU.Build.0 = Debug|Any CPU
		{971C695B-DDDB-5B41-DF6B-CAAA667AD04D}.Release|Any CPU.ActiveCfg = Release|Any CPU
		{971C695B-DDDB-5B41-DF6B-CAAA667AD04D}.Release|Any CPU.Build.0 = Release|Any CPU
		{959CCB87-6BA0-CED9-4F9C-65C2A75FE3B3}.Debug|Any CPU.ActiveCfg = Debug|Any CPU
		{959CCB87-6BA0-CED9-4F9C-65C2A75FE3B3}.Debug|Any CPU.Build.0 = Debug|Any CPU
		{959CCB87-6BA0-CED9-4F9C-65C2A75FE3B3}.Release|Any CPU.ActiveCfg = Release|Any CPU
		{959CCB87-6BA0-CED9-4F9C-65C2A75FE3B3}.Release|Any CPU.Build.0 = Release|Any CPU
		{FA9655D7-49BB-B1C5-82D9-76F384A74C4B}.Debug|Any CPU.ActiveCfg = Debug|Any CPU
		{FA9655D7-49BB-B1C5-82D9-76F384A74C4B}.Debug|Any CPU.Build.0 = Debug|Any CPU
		{FA9655D7-49BB-B1C5-82D9-76F384A74C4B}.Release|Any CPU.ActiveCfg = Release|Any CPU
		{FA9655D7-49BB-B1C5-82D9-76F384A74C4B}.Release|Any CPU.Build.0 = Release|Any CPU
		{21AF9B18-E916-FEB4-3B7F-DFC5034DF6EC}.Debug|Any CPU.ActiveCfg = Debug|Any CPU
		{21AF9B18-E916-FEB4-3B7F-DFC5034DF6EC}.Debug|Any CPU.Build.0 = Debug|Any CPU
		{21AF9B18-E916-FEB4-3B7F-DFC5034DF6EC}.Release|Any CPU.ActiveCfg = Release|Any CPU
		{21AF9B18-E916-FEB4-3B7F-DFC5034DF6EC}.Release|Any CPU.Build.0 = Release|Any CPU
		{91740B74-7330-8362-E15B-D6E9B8401ACA}.Debug|Any CPU.ActiveCfg = Debug|Any CPU
		{91740B74-7330-8362-E15B-D6E9B8401ACA}.Debug|Any CPU.Build.0 = Debug|Any CPU
		{91740B74-7330-8362-E15B-D6E9B8401ACA}.Release|Any CPU.ActiveCfg = Release|Any CPU
		{91740B74-7330-8362-E15B-D6E9B8401ACA}.Release|Any CPU.Build.0 = Release|Any CPU
		{E98B3929-2540-5A0C-9A37-C1E8B3B93349}.Debug|Any CPU.ActiveCfg = Debug|Any CPU
		{E98B3929-2540-5A0C-9A37-C1E8B3B93349}.Debug|Any CPU.Build.0 = Debug|Any CPU
		{E98B3929-2540-5A0C-9A37-C1E8B3B93349}.Release|Any CPU.ActiveCfg = Release|Any CPU
		{E98B3929-2540-5A0C-9A37-C1E8B3B93349}.Release|Any CPU.Build.0 = Release|Any CPU
		{2534303F-CEC8-B5D5-730C-ED8D7250F824}.Debug|Any CPU.ActiveCfg = Debug|Any CPU
		{2534303F-CEC8-B5D5-730C-ED8D7250F824}.Debug|Any CPU.Build.0 = Debug|Any CPU
		{2534303F-CEC8-B5D5-730C-ED8D7250F824}.Release|Any CPU.ActiveCfg = Release|Any CPU
		{2534303F-CEC8-B5D5-730C-ED8D7250F824}.Release|Any CPU.Build.0 = Release|Any CPU
		{BF4FBCC7-0FCF-39B2-68D0-28A525A937B0}.Debug|Any CPU.ActiveCfg = Debug|Any CPU
		{BF4FBCC7-0FCF-39B2-68D0-28A525A937B0}.Debug|Any CPU.Build.0 = Debug|Any CPU
		{BF4FBCC7-0FCF-39B2-68D0-28A525A937B0}.Release|Any CPU.ActiveCfg = Release|Any CPU
		{BF4FBCC7-0FCF-39B2-68D0-28A525A937B0}.Release|Any CPU.Build.0 = Release|Any CPU
		{BDECD157-3B10-9E9A-8EAE-F2F64D4D809C}.Debug|Any CPU.ActiveCfg = Debug|Any CPU
		{BDECD157-3B10-9E9A-8EAE-F2F64D4D809C}.Debug|Any CPU.Build.0 = Debug|Any CPU
		{BDECD157-3B10-9E9A-8EAE-F2F64D4D809C}.Release|Any CPU.ActiveCfg = Release|Any CPU
		{BDECD157-3B10-9E9A-8EAE-F2F64D4D809C}.Release|Any CPU.Build.0 = Release|Any CPU
		{ECE34C41-5857-B869-7BF7-EB8AEA2DAA34}.Debug|Any CPU.ActiveCfg = Debug|Any CPU
		{ECE34C41-5857-B869-7BF7-EB8AEA2DAA34}.Debug|Any CPU.Build.0 = Debug|Any CPU
		{ECE34C41-5857-B869-7BF7-EB8AEA2DAA34}.Release|Any CPU.ActiveCfg = Release|Any CPU
		{ECE34C41-5857-B869-7BF7-EB8AEA2DAA34}.Release|Any CPU.Build.0 = Release|Any CPU
		{52A0E830-4290-8FF5-65B6-294A2087EF0D}.Debug|Any CPU.ActiveCfg = Debug|Any CPU
		{52A0E830-4290-8FF5-65B6-294A2087EF0D}.Debug|Any CPU.Build.0 = Debug|Any CPU
		{52A0E830-4290-8FF5-65B6-294A2087EF0D}.Release|Any CPU.ActiveCfg = Release|Any CPU
		{52A0E830-4290-8FF5-65B6-294A2087EF0D}.Release|Any CPU.Build.0 = Release|Any CPU
		{C6FBEA71-B3BC-1894-BB29-24EA1BED7841}.Debug|Any CPU.ActiveCfg = Debug|Any CPU
		{C6FBEA71-B3BC-1894-BB29-24EA1BED7841}.Debug|Any CPU.Build.0 = Debug|Any CPU
		{C6FBEA71-B3BC-1894-BB29-24EA1BED7841}.Release|Any CPU.ActiveCfg = Release|Any CPU
		{C6FBEA71-B3BC-1894-BB29-24EA1BED7841}.Release|Any CPU.Build.0 = Release|Any CPU
		{0F0CDE22-252D-7F7A-C08E-3B4FFE168A42}.Debug|Any CPU.ActiveCfg = Debug|Any CPU
		{0F0CDE22-252D-7F7A-C08E-3B4FFE168A42}.Debug|Any CPU.Build.0 = Debug|Any CPU
		{0F0CDE22-252D-7F7A-C08E-3B4FFE168A42}.Release|Any CPU.ActiveCfg = Release|Any CPU
		{0F0CDE22-252D-7F7A-C08E-3B4FFE168A42}.Release|Any CPU.Build.0 = Release|Any CPU
		{87885AA3-8227-FF50-DA66-B40B078A9935}.Debug|Any CPU.ActiveCfg = Debug|Any CPU
		{87885AA3-8227-FF50-DA66-B40B078A9935}.Debug|Any CPU.Build.0 = Debug|Any CPU
		{87885AA3-8227-FF50-DA66-B40B078A9935}.Release|Any CPU.ActiveCfg = Release|Any CPU
		{87885AA3-8227-FF50-DA66-B40B078A9935}.Release|Any CPU.Build.0 = Release|Any CPU
		{948B1635-4A5C-6D9F-E19D-246DBDCB175B}.Debug|Any CPU.ActiveCfg = Debug|Any CPU
		{948B1635-4A5C-6D9F-E19D-246DBDCB175B}.Debug|Any CPU.Build.0 = Debug|Any CPU
		{948B1635-4A5C-6D9F-E19D-246DBDCB175B}.Release|Any CPU.ActiveCfg = Release|Any CPU
		{948B1635-4A5C-6D9F-E19D-246DBDCB175B}.Release|Any CPU.Build.0 = Release|Any CPU
		{97C45DC8-C5E3-DF0B-9213-D376F172F11B}.Debug|Any CPU.ActiveCfg = Debug|Any CPU
		{97C45DC8-C5E3-DF0B-9213-D376F172F11B}.Debug|Any CPU.Build.0 = Debug|Any CPU
		{97C45DC8-C5E3-DF0B-9213-D376F172F11B}.Release|Any CPU.ActiveCfg = Release|Any CPU
		{97C45DC8-C5E3-DF0B-9213-D376F172F11B}.Release|Any CPU.Build.0 = Release|Any CPU
		{1DA05821-8A44-6F53-6393-78DDA52CDF0F}.Debug|Any CPU.ActiveCfg = Debug|Any CPU
		{1DA05821-8A44-6F53-6393-78DDA52CDF0F}.Debug|Any CPU.Build.0 = Debug|Any CPU
		{1DA05821-8A44-6F53-6393-78DDA52CDF0F}.Release|Any CPU.ActiveCfg = Release|Any CPU
		{1DA05821-8A44-6F53-6393-78DDA52CDF0F}.Release|Any CPU.Build.0 = Release|Any CPU
		{438FD675-9492-F3C1-0302-55A0CE90DE8C}.Debug|Any CPU.ActiveCfg = Debug|Any CPU
		{438FD675-9492-F3C1-0302-55A0CE90DE8C}.Debug|Any CPU.Build.0 = Debug|Any CPU
		{438FD675-9492-F3C1-0302-55A0CE90DE8C}.Release|Any CPU.ActiveCfg = Release|Any CPU
		{438FD675-9492-F3C1-0302-55A0CE90DE8C}.Release|Any CPU.Build.0 = Release|Any CPU
		{79564179-1149-3E54-866B-93D098108130}.Debug|Any CPU.ActiveCfg = Debug|Any CPU
		{79564179-1149-3E54-866B-93D098108130}.Debug|Any CPU.Build.0 = Debug|Any CPU
		{79564179-1149-3E54-866B-93D098108130}.Release|Any CPU.ActiveCfg = Release|Any CPU
		{79564179-1149-3E54-866B-93D098108130}.Release|Any CPU.Build.0 = Release|Any CPU
		{93EF48E2-2ECB-995C-9990-2BD9CD6D80B8}.Debug|Any CPU.ActiveCfg = Debug|Any CPU
		{93EF48E2-2ECB-995C-9990-2BD9CD6D80B8}.Debug|Any CPU.Build.0 = Debug|Any CPU
		{93EF48E2-2ECB-995C-9990-2BD9CD6D80B8}.Release|Any CPU.ActiveCfg = Release|Any CPU
		{93EF48E2-2ECB-995C-9990-2BD9CD6D80B8}.Release|Any CPU.Build.0 = Release|Any CPU
		{6604A8FD-A8EC-0491-D11F-704C38E5BEFC}.Debug|Any CPU.ActiveCfg = Debug|Any CPU
		{6604A8FD-A8EC-0491-D11F-704C38E5BEFC}.Debug|Any CPU.Build.0 = Debug|Any CPU
		{6604A8FD-A8EC-0491-D11F-704C38E5BEFC}.Release|Any CPU.ActiveCfg = Release|Any CPU
		{6604A8FD-A8EC-0491-D11F-704C38E5BEFC}.Release|Any CPU.Build.0 = Release|Any CPU
		{65938765-72B8-B947-705F-C96C2165E936}.Debug|Any CPU.ActiveCfg = Debug|Any CPU
		{65938765-72B8-B947-705F-C96C2165E936}.Debug|Any CPU.Build.0 = Debug|Any CPU
		{65938765-72B8-B947-705F-C96C2165E936}.Release|Any CPU.ActiveCfg = Release|Any CPU
		{65938765-72B8-B947-705F-C96C2165E936}.Release|Any CPU.Build.0 = Release|Any CPU
	EndGlobalSection
	GlobalSection(SolutionProperties) = preSolution
		HideSolutionNode = FALSE
	EndGlobalSection
EndGlobal
